
Microsoft Visual Studio Solution File, Format Version 12.00
# Visual Studio Version 16
VisualStudioVersion = 16.0.29613.14
MinimumVisualStudioVersion = 10.0.40219.1
Project("{FAE04EC0-301F-11D3-BF4B-00C04F79EFBC}") = "Emart.AccountServices", "Emart.AccountServices\Emart.AccountServices.csproj", "{57EDB789-6866-476E-9141-C5B07ED6EB25}"
EndProject
Project("{FAE04EC0-301F-11D3-BF4B-00C04F79EFBC}") = "Emart.SellerServices", "Emart.SellerServices\Emart.SellerServices.csproj", "{2E0C1FB4-F3C2-4FA9-9ECA-224C410668C7}"
EndProject
Project("{FAE04EC0-301F-11D3-BF4B-00C04F79EFBC}") = "Emart.BuyerServices", "Emart.BuyerServices\Emart.BuyerServices.csproj", "{BAE25AE9-2398-4690-B380-1BF32705CF92}"
EndProject
Project("{FAE04EC0-301F-11D3-BF4B-00C04F79EFBC}") = "Emart.AdminServices", "Emart.AdminServices\Emart.AdminServices.csproj", "{0A97FCDD-26F3-4568-BB13-D389F5A28C48}"
EndProject
Project("{FAE04EC0-301F-11D3-BF4B-00C04F79EFBC}") = "Gateway", "Gateway\Gateway.csproj", "{9A6D9539-7793-466A-A068-783DA284BDBC}"
EndProject
Global
	GlobalSection(SolutionConfigurationPlatforms) = preSolution
		Debug|Any CPU = Debug|Any CPU
		Release|Any CPU = Release|Any CPU
	EndGlobalSection
	GlobalSection(ProjectConfigurationPlatforms) = postSolution
		{57EDB789-6866-476E-9141-C5B07ED6EB25}.Debug|Any CPU.ActiveCfg = Debug|Any CPU
		{57EDB789-6866-476E-9141-C5B07ED6EB25}.Debug|Any CPU.Build.0 = Debug|Any CPU
		{57EDB789-6866-476E-9141-C5B07ED6EB25}.Release|Any CPU.ActiveCfg = Release|Any CPU
		{57EDB789-6866-476E-9141-C5B07ED6EB25}.Release|Any CPU.Build.0 = Release|Any CPU
		{2E0C1FB4-F3C2-4FA9-9ECA-224C410668C7}.Debug|Any CPU.ActiveCfg = Debug|Any CPU
		{2E0C1FB4-F3C2-4FA9-9ECA-224C410668C7}.Debug|Any CPU.Build.0 = Debug|Any CPU
		{2E0C1FB4-F3C2-4FA9-9ECA-224C410668C7}.Release|Any CPU.ActiveCfg = Release|Any CPU
		{2E0C1FB4-F3C2-4FA9-9ECA-224C410668C7}.Release|Any CPU.Build.0 = Release|Any CPU
		{BAE25AE9-2398-4690-B380-1BF32705CF92}.Debug|Any CPU.ActiveCfg = Debug|Any CPU
		{BAE25AE9-2398-4690-B380-1BF32705CF92}.Debug|Any CPU.Build.0 = Debug|Any CPU
		{BAE25AE9-2398-4690-B380-1BF32705CF92}.Release|Any CPU.ActiveCfg = Release|Any CPU
		{BAE25AE9-2398-4690-B380-1BF32705CF92}.Release|Any CPU.Build.0 = Release|Any CPU
		{0A97FCDD-26F3-4568-BB13-D389F5A28C48}.Debug|Any CPU.ActiveCfg = Debug|Any CPU
		{0A97FCDD-26F3-4568-BB13-D389F5A28C48}.Debug|Any CPU.Build.0 = Debug|Any CPU
		{0A97FCDD-26F3-4568-BB13-D389F5A28C48}.Release|Any CPU.ActiveCfg = Release|Any CPU
		{0A97FCDD-26F3-4568-BB13-D389F5A28C48}.Release|Any CPU.Build.0 = Release|Any CPU
		{9A6D9539-7793-466A-A068-783DA284BDBC}.Debug|Any CPU.ActiveCfg = Debug|Any CPU
		{9A6D9539-7793-466A-A068-783DA284BDBC}.Debug|Any CPU.Build.0 = Debug|Any CPU
		{9A6D9539-7793-466A-A068-783DA284BDBC}.Release|Any CPU.ActiveCfg = Release|Any CPU
		{9A6D9539-7793-466A-A068-783DA284BDBC}.Release|Any CPU.Build.0 = Release|Any CPU
	EndGlobalSection
	GlobalSection(SolutionProperties) = preSolution
		HideSolutionNode = FALSE
	EndGlobalSection
	GlobalSection(ExtensibilityGlobals) = postSolution
		SolutionGuid = {EC4A1768-31CF-4A8C-895E-15935629A410}
	EndGlobalSection
EndGlobal
